
Microsoft Visual Studio Solution File, Format Version 12.00
# Visual Studio 15
Project("{FAE04EC0-301F-11D3-BF4B-00C04F79EFBC}") = "UnityEngine.UI", "UnityEngine.UI.csproj", "{F43216E1-5CF1-D7B0-96D3-49D3E68BA094}"
EndProject
Project("{FAE04EC0-301F-11D3-BF4B-00C04F79EFBC}") = "Assembly-CSharp", "Assembly-CSharp.csproj", "{2B1F2D61-7736-4C5B-D015-9AEB37983771}"
EndProject
Project("{FAE04EC0-301F-11D3-BF4B-00C04F79EFBC}") = "UnityEditor.UI", "UnityEditor.UI.csproj", "{FD7204A0-50DB-75F9-61B1-ED057FE241DE}"
EndProject
Global
	GlobalSection(SolutionConfigurationPlatforms) = preSolution
		Debug|Any CPU = Debug|Any CPU
		Release|Any CPU = Release|Any CPU
	EndGlobalSection
	GlobalSection(ProjectConfigurationPlatforms) = postSolution
		{F43216E1-5CF1-D7B0-96D3-49D3E68BA094}.Debug|Any CPU.ActiveCfg = Debug|Any CPU
		{F43216E1-5CF1-D7B0-96D3-49D3E68BA094}.Debug|Any CPU.Build.0 = Debug|Any CPU
		{F43216E1-5CF1-D7B0-96D3-49D3E68BA094}.Release|Any CPU.ActiveCfg = Release|Any CPU
		{F43216E1-5CF1-D7B0-96D3-49D3E68BA094}.Release|Any CPU.Build.0 = Release|Any CPU
		{2B1F2D61-7736-4C5B-D015-9AEB37983771}.Debug|Any CPU.ActiveCfg = Debug|Any CPU
		{2B1F2D61-7736-4C5B-D015-9AEB37983771}.Debug|Any CPU.Build.0 = Debug|Any CPU
		{2B1F2D61-7736-4C5B-D015-9AEB37983771}.Release|Any CPU.ActiveCfg = Release|Any CPU
		{2B1F2D61-7736-4C5B-D015-9AEB37983771}.Release|Any CPU.Build.0 = Release|Any CPU
		{FD7204A0-50DB-75F9-61B1-ED057FE241DE}.Debug|Any CPU.ActiveCfg = Debug|Any CPU
		{FD7204A0-50DB-75F9-61B1-ED057FE241DE}.Debug|Any CPU.Build.0 = Debug|Any CPU
		{FD7204A0-50DB-75F9-61B1-ED057FE241DE}.Release|Any CPU.ActiveCfg = Release|Any CPU
		{FD7204A0-50DB-75F9-61B1-ED057FE241DE}.Release|Any CPU.Build.0 = Release|Any CPU
	EndGlobalSection
	GlobalSection(SolutionProperties) = preSolution
		HideSolutionNode = FALSE
	EndGlobalSection
EndGlobal
