
Microsoft Visual Studio Solution File, Format Version 12.00
# Visual Studio 15
Project("{FAE04EC0-301F-11D3-BF4B-00C04F79EFBC}") = "NativeGallery.Runtime", "NativeGallery.Runtime.csproj", "{7046D2FF-715E-A79B-279B-07B5535944EE}"
EndProject
Project("{FAE04EC0-301F-11D3-BF4B-00C04F79EFBC}") = "Assembly-CSharp", "Assembly-CSharp.csproj", "{2B1F2D61-7736-4C5B-D015-9AEB37983771}"
EndProject
Project("{FAE04EC0-301F-11D3-BF4B-00C04F79EFBC}") = "NativeGallery.Editor", "NativeGallery.Editor.csproj", "{51A94254-8372-920D-222A-7A6802C826A9}"
EndProject
Global
	GlobalSection(SolutionConfigurationPlatforms) = preSolution
		Debug|Any CPU = Debug|Any CPU
		Release|Any CPU = Release|Any CPU
	EndGlobalSection
	GlobalSection(ProjectConfigurationPlatforms) = postSolution
		{7046D2FF-715E-A79B-279B-07B5535944EE}.Debug|Any CPU.ActiveCfg = Debug|Any CPU
		{7046D2FF-715E-A79B-279B-07B5535944EE}.Debug|Any CPU.Build.0 = Debug|Any CPU
		{7046D2FF-715E-A79B-279B-07B5535944EE}.Release|Any CPU.ActiveCfg = Release|Any CPU
		{7046D2FF-715E-A79B-279B-07B5535944EE}.Release|Any CPU.Build.0 = Release|Any CPU
		{2B1F2D61-7736-4C5B-D015-9AEB37983771}.Debug|Any CPU.ActiveCfg = Debug|Any CPU
		{2B1F2D61-7736-4C5B-D015-9AEB37983771}.Debug|Any CPU.Build.0 = Debug|Any CPU
		{2B1F2D61-7736-4C5B-D015-9AEB37983771}.Release|Any CPU.ActiveCfg = Release|Any CPU
		{2B1F2D61-7736-4C5B-D015-9AEB37983771}.Release|Any CPU.Build.0 = Release|Any CPU
		{51A94254-8372-920D-222A-7A6802C826A9}.Debug|Any CPU.ActiveCfg = Debug|Any CPU
		{51A94254-8372-920D-222A-7A6802C826A9}.Debug|Any CPU.Build.0 = Debug|Any CPU
		{51A94254-8372-920D-222A-7A6802C826A9}.Release|Any CPU.ActiveCfg = Release|Any CPU
		{51A94254-8372-920D-222A-7A6802C826A9}.Release|Any CPU.Build.0 = Release|Any CPU
	EndGlobalSection
	GlobalSection(SolutionProperties) = preSolution
		HideSolutionNode = FALSE
	EndGlobalSection
EndGlobal
